
Microsoft Visual Studio Solution File, Format Version 12.00
# Visual Studio 15
Project("{FAE04EC0-301F-11D3-BF4B-00C04F79EFBC}") = "Assembly-CSharp", "Assembly-CSharp.csproj", "{846DFDD4-2424-7D07-D9FD-90F0FFEF186C}"
EndProject
Project("{FAE04EC0-301F-11D3-BF4B-00C04F79EFBC}") = "Oculus.VR", "Oculus.VR.csproj", "{40B82A0A-A872-7DFE-A245-5535FC6471F5}"
EndProject
Project("{FAE04EC0-301F-11D3-BF4B-00C04F79EFBC}") = "Assembly-CSharp-Editor", "Assembly-CSharp-Editor.csproj", "{92F20EFA-DF0E-B2A7-8D7B-F5BB4235F1A0}"
EndProject
Project("{FAE04EC0-301F-11D3-BF4B-00C04F79EFBC}") = "Oculus.VR.Scripts.Editor", "Oculus.VR.Scripts.Editor.csproj", "{408E5237-7156-BF3A-668C-A5E1A2C45E08}"
EndProject
Project("{FAE04EC0-301F-11D3-BF4B-00C04F79EFBC}") = "Oculus.VR.Editor", "Oculus.VR.Editor.csproj", "{E6D8A65C-058B-A590-6A31-F1173A6CADE6}"
EndProject
Global
	GlobalSection(SolutionConfigurationPlatforms) = preSolution
		Debug|Any CPU = Debug|Any CPU
		Release|Any CPU = Release|Any CPU
	EndGlobalSection
	GlobalSection(ProjectConfigurationPlatforms) = postSolution
		{846DFDD4-2424-7D07-D9FD-90F0FFEF186C}.Debug|Any CPU.ActiveCfg = Debug|Any CPU
		{846DFDD4-2424-7D07-D9FD-90F0FFEF186C}.Debug|Any CPU.Build.0 = Debug|Any CPU
		{846DFDD4-2424-7D07-D9FD-90F0FFEF186C}.Release|Any CPU.ActiveCfg = Release|Any CPU
		{846DFDD4-2424-7D07-D9FD-90F0FFEF186C}.Release|Any CPU.Build.0 = Release|Any CPU
		{40B82A0A-A872-7DFE-A245-5535FC6471F5}.Debug|Any CPU.ActiveCfg = Debug|Any CPU
		{40B82A0A-A872-7DFE-A245-5535FC6471F5}.Debug|Any CPU.Build.0 = Debug|Any CPU
		{40B82A0A-A872-7DFE-A245-5535FC6471F5}.Release|Any CPU.ActiveCfg = Release|Any CPU
		{40B82A0A-A872-7DFE-A245-5535FC6471F5}.Release|Any CPU.Build.0 = Release|Any CPU
		{92F20EFA-DF0E-B2A7-8D7B-F5BB4235F1A0}.Debug|Any CPU.ActiveCfg = Debug|Any CPU
		{92F20EFA-DF0E-B2A7-8D7B-F5BB4235F1A0}.Debug|Any CPU.Build.0 = Debug|Any CPU
		{92F20EFA-DF0E-B2A7-8D7B-F5BB4235F1A0}.Release|Any CPU.ActiveCfg = Release|Any CPU
		{92F20EFA-DF0E-B2A7-8D7B-F5BB4235F1A0}.Release|Any CPU.Build.0 = Release|Any CPU
		{408E5237-7156-BF3A-668C-A5E1A2C45E08}.Debug|Any CPU.ActiveCfg = Debug|Any CPU
		{408E5237-7156-BF3A-668C-A5E1A2C45E08}.Debug|Any CPU.Build.0 = Debug|Any CPU
		{408E5237-7156-BF3A-668C-A5E1A2C45E08}.Release|Any CPU.ActiveCfg = Release|Any CPU
		{408E5237-7156-BF3A-668C-A5E1A2C45E08}.Release|Any CPU.Build.0 = Release|Any CPU
		{E6D8A65C-058B-A590-6A31-F1173A6CADE6}.Debug|Any CPU.ActiveCfg = Debug|Any CPU
		{E6D8A65C-058B-A590-6A31-F1173A6CADE6}.Debug|Any CPU.Build.0 = Debug|Any CPU
		{E6D8A65C-058B-A590-6A31-F1173A6CADE6}.Release|Any CPU.ActiveCfg = Release|Any CPU
		{E6D8A65C-058B-A590-6A31-F1173A6CADE6}.Release|Any CPU.Build.0 = Release|Any CPU
	EndGlobalSection
	GlobalSection(SolutionProperties) = preSolution
		HideSolutionNode = FALSE
	EndGlobalSection
EndGlobal
